
Microsoft Visual Studio Solution File, Format Version 12.00
# Visual Studio Version 17
VisualStudioVersion = 17.8.34330.188
MinimumVisualStudioVersion = 10.0.40219.1
Project("{FAE04EC0-301F-11D3-BF4B-00C04F79EFBC}") = "Further.Abp.Operation", "Further.Abp.Operation.csproj", "{E392F4AB-249A-4D35-940D-851F862F0747}"
EndProject
Global
	GlobalSection(SolutionConfigurationPlatforms) = preSolution
		Debug|Any CPU = Debug|Any CPU
		Release|Any CPU = Release|Any CPU
	EndGlobalSection
	GlobalSection(ProjectConfigurationPlatforms) = postSolution
		{E392F4AB-249A-4D35-940D-851F862F0747}.Debug|Any CPU.ActiveCfg = Debug|Any CPU
		{E392F4AB-249A-4D35-940D-851F862F0747}.Debug|Any CPU.Build.0 = Debug|Any CPU
		{E392F4AB-249A-4D35-940D-851F862F0747}.Release|Any CPU.ActiveCfg = Release|Any CPU
		{E392F4AB-249A-4D35-940D-851F862F0747}.Release|Any CPU.Build.0 = Release|Any CPU
	EndGlobalSection
	GlobalSection(SolutionProperties) = preSolution
		HideSolutionNode = FALSE
	EndGlobalSection
	GlobalSection(ExtensibilityGlobals) = postSolution
		SolutionGuid = {6ED58408-A54D-4302-960E-FD624C996DBF}
	EndGlobalSection
EndGlobal
